{
  "name": "red-river-gorge-hiker",
  "version": "0.1.0",
  "lockfileVersion": 3,
  "requires": true,
  "packages": {
    "": {
      "name": "red-river-gorge-hiker",
      "version": "0.1.0",
      "dependencies": {"@astrojs/sitemap":"^3.4.2","astro":"^5.12.8"},
      "devDependencies": {"@astrojs/check":"^0.9.4","tsx":"^4.20.3","typescript":"^5.8.3","vitest":"^3.2.4"},
      "engines": {"node":">=20.11"}
    }
  }
}
